
Microsoft Visual Studio Solution File, Format Version 12.00
# Visual Studio Version 16
VisualStudioVersion = 16.0.30517.126
MinimumVisualStudioVersion = 10.0.40219.1
Project("{FAE04EC0-301F-11D3-BF4B-00C04F79EFBC}") = "AnyStore", "AnyStore.csproj", "{2A4529ED-CD8C-4ABA-9670-ED31FF2E6813}"
EndProject
Global
	GlobalSection(SolutionConfigurationPlatforms) = preSolution
		Debug|Any CPU = Debug|Any CPU
		Release|Any CPU = Release|Any CPU
	EndGlobalSection
	GlobalSection(ProjectConfigurationPlatforms) = postSolution
		{2A4529ED-CD8C-4ABA-9670-ED31FF2E6813}.Debug|Any CPU.ActiveCfg = Debug|Any CPU
		{2A4529ED-CD8C-4ABA-9670-ED31FF2E6813}.Debug|Any CPU.Build.0 = Debug|Any CPU
		{2A4529ED-CD8C-4ABA-9670-ED31FF2E6813}.Release|Any CPU.ActiveCfg = Release|Any CPU
		{2A4529ED-CD8C-4ABA-9670-ED31FF2E6813}.Release|Any CPU.Build.0 = Release|Any CPU
	EndGlobalSection
	GlobalSection(SolutionProperties) = preSolution
		HideSolutionNode = FALSE
	EndGlobalSection
	GlobalSection(ExtensibilityGlobals) = postSolution
		SolutionGuid = {83822E42-29E5-47E8-9A4B-EB2CD099108D}
	EndGlobalSection
EndGlobal
